// !$*UTF8*$!
{
	archiveVersion = 1;
	classes = {
	};
	objectVersion = 50;
	objects = {

/* Begin PBXBuildFile section */
		0767522925DBE21C00B0CFED /* LoginViewOutPut.swift in Sources */ = {isa = PBXBuildFile; fileRef = 0767522825DBE21C00B0CFED /* LoginViewOutPut.swift */; };
		0767523125DD1DC500B0CFED /* TaskViewController.swift in Sources */ = {isa = PBXBuildFile; fileRef = 0767523025DD1DC500B0CFED /* TaskViewController.swift */; };
		0767523325DD1E1100B0CFED /* TaskViewDataManager.swift in Sources */ = {isa = PBXBuildFile; fileRef = 0767523225DD1E1100B0CFED /* TaskViewDataManager.swift */; };
		0767523525DD1E2B00B0CFED /* TaskViewDataManagerProtocol.swift in Sources */ = {isa = PBXBuildFile; fileRef = 0767523425DD1E2B00B0CFED /* TaskViewDataManagerProtocol.swift */; };
		0767523A25DD1EB500B0CFED /* TaskAPi.swift in Sources */ = {isa = PBXBuildFile; fileRef = 0767523925DD1EB500B0CFED /* TaskAPi.swift */; };
		0767523C25DD204500B0CFED /* TaskViewPresenter.swift in Sources */ = {isa = PBXBuildFile; fileRef = 0767523B25DD204500B0CFED /* TaskViewPresenter.swift */; };
		0767523E25DD205000B0CFED /* TaskViewPresenterProtcol.swift in Sources */ = {isa = PBXBuildFile; fileRef = 0767523D25DD205000B0CFED /* TaskViewPresenterProtcol.swift */; };
		0767524025DD20C900B0CFED /* TaskViewBuilder.swift in Sources */ = {isa = PBXBuildFile; fileRef = 0767523F25DD20C900B0CFED /* TaskViewBuilder.swift */; };
		0767524225DD224500B0CFED /* Todo.swift in Sources */ = {isa = PBXBuildFile; fileRef = 0767524125DD224500B0CFED /* Todo.swift */; };
		0767524525DD2EC400B0CFED /* TaskViewInteractor.swift in Sources */ = {isa = PBXBuildFile; fileRef = 0767524425DD2EC400B0CFED /* TaskViewInteractor.swift */; };
		0767524725DD2EE300B0CFED /* TaskViewInteractorProtocol.swift in Sources */ = {isa = PBXBuildFile; fileRef = 0767524625DD2EE300B0CFED /* TaskViewInteractorProtocol.swift */; };
		0767524925DD356100B0CFED /* TaskViewControllerProtocol.swift in Sources */ = {isa = PBXBuildFile; fileRef = 0767524825DD356100B0CFED /* TaskViewControllerProtocol.swift */; };
		0767524E25DE829600B0CFED /* TaskSection.swift in Sources */ = {isa = PBXBuildFile; fileRef = 0767524D25DE829600B0CFED /* TaskSection.swift */; };
		0767525225DE866200B0CFED /* TaskViewModel.swift in Sources */ = {isa = PBXBuildFile; fileRef = 0767525125DE866200B0CFED /* TaskViewModel.swift */; };
		07F202DF25DA693F000E1AA1 /* AppDelegate.swift in Sources */ = {isa = PBXBuildFile; fileRef = 07F202DE25DA693F000E1AA1 /* AppDelegate.swift */; };
		07F202E125DA693F000E1AA1 /* SceneDelegate.swift in Sources */ = {isa = PBXBuildFile; fileRef = 07F202E025DA693F000E1AA1 /* SceneDelegate.swift */; };
		07F202E325DA693F000E1AA1 /* ViewController.swift in Sources */ = {isa = PBXBuildFile; fileRef = 07F202E225DA693F000E1AA1 /* ViewController.swift */; };
		07F202E825DA6941000E1AA1 /* Assets.xcassets in Resources */ = {isa = PBXBuildFile; fileRef = 07F202E725DA6941000E1AA1 /* Assets.xcassets */; };
		07F202EB25DA6941000E1AA1 /* LaunchScreen.storyboard in Resources */ = {isa = PBXBuildFile; fileRef = 07F202E925DA6941000E1AA1 /* LaunchScreen.storyboard */; };
		07F202FB25DA75A5000E1AA1 /* Coordinator.swift in Sources */ = {isa = PBXBuildFile; fileRef = 07F202FA25DA75A5000E1AA1 /* Coordinator.swift */; };
		07F202FE25DA75F5000E1AA1 /* AppCoordinator.swift in Sources */ = {isa = PBXBuildFile; fileRef = 07F202FD25DA75F5000E1AA1 /* AppCoordinator.swift */; };
		07F2030025DA79C4000E1AA1 /* Builder.swift in Sources */ = {isa = PBXBuildFile; fileRef = 07F202FF25DA79C4000E1AA1 /* Builder.swift */; };
		07F2030625DA7A4A000E1AA1 /* LoginViewController.swift in Sources */ = {isa = PBXBuildFile; fileRef = 07F2030525DA7A4A000E1AA1 /* LoginViewController.swift */; };
		07F2030825DA7A66000E1AA1 /* LoginViewControllerPresenter.swift in Sources */ = {isa = PBXBuildFile; fileRef = 07F2030725DA7A66000E1AA1 /* LoginViewControllerPresenter.swift */; };
		07F2030A25DA7A71000E1AA1 /* LoginViewControllerBuilder.swift in Sources */ = {isa = PBXBuildFile; fileRef = 07F2030925DA7A71000E1AA1 /* LoginViewControllerBuilder.swift */; };
		07F2030C25DA7AA9000E1AA1 /* LoginViewControllerPresenterProtocol.swift in Sources */ = {isa = PBXBuildFile; fileRef = 07F2030B25DA7AA9000E1AA1 /* LoginViewControllerPresenterProtocol.swift */; };
		07F2030E25DA7AC6000E1AA1 /* LoginViewControllerModel.swift in Sources */ = {isa = PBXBuildFile; fileRef = 07F2030D25DA7AC6000E1AA1 /* LoginViewControllerModel.swift */; };
		07F2031025DA859B000E1AA1 /* User.swift in Sources */ = {isa = PBXBuildFile; fileRef = 07F2030F25DA859B000E1AA1 /* User.swift */; };
		07F2031D25DA8A55000E1AA1 /* URLSession+get.swift in Sources */ = {isa = PBXBuildFile; fileRef = 07F2031C25DA8A55000E1AA1 /* URLSession+get.swift */; };
		07F2031F25DA8A83000E1AA1 /* RequestBuilder.swift in Sources */ = {isa = PBXBuildFile; fileRef = 07F2031E25DA8A83000E1AA1 /* RequestBuilder.swift */; };
		07F2032125DA8D39000E1AA1 /* UserApi.swift in Sources */ = {isa = PBXBuildFile; fileRef = 07F2032025DA8D39000E1AA1 /* UserApi.swift */; };
		07F2032625DA8F25000E1AA1 /* LoginDataManagerProtocol.swift in Sources */ = {isa = PBXBuildFile; fileRef = 07F2032525DA8F25000E1AA1 /* LoginDataManagerProtocol.swift */; };
		07F2032925DA8FAE000E1AA1 /* LoginDataManager.swift in Sources */ = {isa = PBXBuildFile; fileRef = 07F2032825DA8FAE000E1AA1 /* LoginDataManager.swift */; };
		07F2032B25DA980D000E1AA1 /* ApiErros.swift in Sources */ = {isa = PBXBuildFile; fileRef = 07F2032A25DA980D000E1AA1 /* ApiErros.swift */; };
		07F2032D25DA9BFE000E1AA1 /* LoginViewPortocol.swift in Sources */ = {isa = PBXBuildFile; fileRef = 07F2032C25DA9BFE000E1AA1 /* LoginViewPortocol.swift */; };
/* End PBXBuildFile section */

/* Begin PBXFileReference section */
		0767522825DBE21C00B0CFED /* LoginViewOutPut.swift */ = {isa = PBXFileReference; lastKnownFileType = sourcecode.swift; path = LoginViewOutPut.swift; sourceTree = "<group>"; };
		0767523025DD1DC500B0CFED /* TaskViewController.swift */ = {isa = PBXFileReference; lastKnownFileType = sourcecode.swift; path = TaskViewController.swift; sourceTree = "<group>"; };
		0767523225DD1E1100B0CFED /* TaskViewDataManager.swift */ = {isa = PBXFileReference; lastKnownFileType = sourcecode.swift; path = TaskViewDataManager.swift; sourceTree = "<group>"; };
		0767523425DD1E2B00B0CFED /* TaskViewDataManagerProtocol.swift */ = {isa = PBXFileReference; lastKnownFileType = sourcecode.swift; path = TaskViewDataManagerProtocol.swift; sourceTree = "<group>"; };
		0767523925DD1EB500B0CFED /* TaskAPi.swift */ = {isa = PBXFileReference; lastKnownFileType = sourcecode.swift; path = TaskAPi.swift; sourceTree = "<group>"; };
		0767523B25DD204500B0CFED /* TaskViewPresenter.swift */ = {isa = PBXFileReference; lastKnownFileType = sourcecode.swift; path = TaskViewPresenter.swift; sourceTree = "<group>"; };
		0767523D25DD205000B0CFED /* TaskViewPresenterProtcol.swift */ = {isa = PBXFileReference; lastKnownFileType = sourcecode.swift; path = TaskViewPresenterProtcol.swift; sourceTree = "<group>"; };
		0767523F25DD20C900B0CFED /* TaskViewBuilder.swift */ = {isa = PBXFileReference; lastKnownFileType = sourcecode.swift; path = TaskViewBuilder.swift; sourceTree = "<group>"; };
		0767524125DD224500B0CFED /* Todo.swift */ = {isa = PBXFileReference; fileEncoding = 4; lastKnownFileType = sourcecode.swift; path = Todo.swift; sourceTree = "<group>"; };
		0767524425DD2EC400B0CFED /* TaskViewInteractor.swift */ = {isa = PBXFileReference; lastKnownFileType = sourcecode.swift; path = TaskViewInteractor.swift; sourceTree = "<group>"; };
		0767524625DD2EE300B0CFED /* TaskViewInteractorProtocol.swift */ = {isa = PBXFileReference; lastKnownFileType = sourcecode.swift; path = TaskViewInteractorProtocol.swift; sourceTree = "<group>"; };
		0767524825DD356100B0CFED /* TaskViewControllerProtocol.swift */ = {isa = PBXFileReference; lastKnownFileType = sourcecode.swift; path = TaskViewControllerProtocol.swift; sourceTree = "<group>"; };
		0767524D25DE829600B0CFED /* TaskSection.swift */ = {isa = PBXFileReference; lastKnownFileType = sourcecode.swift; path = TaskSection.swift; sourceTree = "<group>"; };
		0767525125DE866200B0CFED /* TaskViewModel.swift */ = {isa = PBXFileReference; lastKnownFileType = sourcecode.swift; path = TaskViewModel.swift; sourceTree = "<group>"; };
		07F202DB25DA693F000E1AA1 /* UserTasksUIKit.app */ = {isa = PBXFileReference; explicitFileType = wrapper.application; includeInIndex = 0; path = UserTasksUIKit.app; sourceTree = BUILT_PRODUCTS_DIR; };
		07F202DE25DA693F000E1AA1 /* AppDelegate.swift */ = {isa = PBXFileReference; lastKnownFileType = sourcecode.swift; path = AppDelegate.swift; sourceTree = "<group>"; };
		07F202E025DA693F000E1AA1 /* SceneDelegate.swift */ = {isa = PBXFileReference; lastKnownFileType = sourcecode.swift; path = SceneDelegate.swift; sourceTree = "<group>"; };
		07F202E225DA693F000E1AA1 /* ViewController.swift */ = {isa = PBXFileReference; lastKnownFileType = sourcecode.swift; path = ViewController.swift; sourceTree = "<group>"; };
		07F202E725DA6941000E1AA1 /* Assets.xcassets */ = {isa = PBXFileReference; lastKnownFileType = folder.assetcatalog; path = Assets.xcassets; sourceTree = "<group>"; };
		07F202EA25DA6941000E1AA1 /* Base */ = {isa = PBXFileReference; lastKnownFileType = file.storyboard; name = Base; path = Base.lproj/LaunchScreen.storyboard; sourceTree = "<group>"; };
		07F202EC25DA6941000E1AA1 /* Info.plist */ = {isa = PBXFileReference; lastKnownFileType = text.plist.xml; path = Info.plist; sourceTree = "<group>"; };
		07F202FA25DA75A5000E1AA1 /* Coordinator.swift */ = {isa = PBXFileReference; lastKnownFileType = sourcecode.swift; path = Coordinator.swift; sourceTree = "<group>"; };
		07F202FD25DA75F5000E1AA1 /* AppCoordinator.swift */ = {isa = PBXFileReference; lastKnownFileType = sourcecode.swift; path = AppCoordinator.swift; sourceTree = "<group>"; };
		07F202FF25DA79C4000E1AA1 /* Builder.swift */ = {isa = PBXFileReference; lastKnownFileType = sourcecode.swift; path = Builder.swift; sourceTree = "<group>"; };
		07F2030525DA7A4A000E1AA1 /* LoginViewController.swift */ = {isa = PBXFileReference; lastKnownFileType = sourcecode.swift; path = LoginViewController.swift; sourceTree = "<group>"; };
		07F2030725DA7A66000E1AA1 /* LoginViewControllerPresenter.swift */ = {isa = PBXFileReference; lastKnownFileType = sourcecode.swift; path = LoginViewControllerPresenter.swift; sourceTree = "<group>"; };
		07F2030925DA7A71000E1AA1 /* LoginViewControllerBuilder.swift */ = {isa = PBXFileReference; lastKnownFileType = sourcecode.swift; path = LoginViewControllerBuilder.swift; sourceTree = "<group>"; };
		07F2030B25DA7AA9000E1AA1 /* LoginViewControllerPresenterProtocol.swift */ = {isa = PBXFileReference; lastKnownFileType = sourcecode.swift; path = LoginViewControllerPresenterProtocol.swift; sourceTree = "<group>"; };
		07F2030D25DA7AC6000E1AA1 /* LoginViewControllerModel.swift */ = {isa = PBXFileReference; lastKnownFileType = sourcecode.swift; path = LoginViewControllerModel.swift; sourceTree = "<group>"; };
		07F2030F25DA859B000E1AA1 /* User.swift */ = {isa = PBXFileReference; lastKnownFileType = sourcecode.swift; path = User.swift; sourceTree = "<group>"; };
		07F2031C25DA8A55000E1AA1 /* URLSession+get.swift */ = {isa = PBXFileReference; lastKnownFileType = sourcecode.swift; path = "URLSession+get.swift"; sourceTree = "<group>"; };
		07F2031E25DA8A83000E1AA1 /* RequestBuilder.swift */ = {isa = PBXFileReference; lastKnownFileType = sourcecode.swift; path = RequestBuilder.swift; sourceTree = "<group>"; };
		07F2032025DA8D39000E1AA1 /* UserApi.swift */ = {isa = PBXFileReference; lastKnownFileType = sourcecode.swift; path = UserApi.swift; sourceTree = "<group>"; };
		07F2032525DA8F25000E1AA1 /* LoginDataManagerProtocol.swift */ = {isa = PBXFileReference; lastKnownFileType = sourcecode.swift; path = LoginDataManagerProtocol.swift; sourceTree = "<group>"; };
		07F2032825DA8FAE000E1AA1 /* LoginDataManager.swift */ = {isa = PBXFileReference; lastKnownFileType = sourcecode.swift; path = LoginDataManager.swift; sourceTree = "<group>"; };
		07F2032A25DA980D000E1AA1 /* ApiErros.swift */ = {isa = PBXFileReference; lastKnownFileType = sourcecode.swift; path = ApiErros.swift; sourceTree = "<group>"; };
		07F2032C25DA9BFE000E1AA1 /* LoginViewPortocol.swift */ = {isa = PBXFileReference; lastKnownFileType = sourcecode.swift; path = LoginViewPortocol.swift; sourceTree = "<group>"; };
/* End PBXFileReference section */

/* Begin PBXFrameworksBuildPhase section */
		07F202D825DA693F000E1AA1 /* Frameworks */ = {
			isa = PBXFrameworksBuildPhase;
			buildActionMask = 2147483647;
			files = (
			);
			runOnlyForDeploymentPostprocessing = 0;
		};
/* End PBXFrameworksBuildPhase section */

/* Begin PBXGroup section */
		0767522A25DD1D3500B0CFED /* Task */ = {
			isa = PBXGroup;
			children = (
				0767524325DD2EB600B0CFED /* Interactor */,
				0767522F25DD1D7000B0CFED /* Builder */,
				0767522E25DD1D5F00B0CFED /* Presenter */,
				0767522D25DD1D5800B0CFED /* DataManager */,
				0767522B25DD1D4600B0CFED /* View */,
			);
			path = Task;
			sourceTree = "<group>";
		};
		0767522B25DD1D4600B0CFED /* View */ = {
			isa = PBXGroup;
			children = (
				0767523025DD1DC500B0CFED /* TaskViewController.swift */,
				0767524825DD356100B0CFED /* TaskViewControllerProtocol.swift */,
				0767524D25DE829600B0CFED /* TaskSection.swift */,
				0767525125DE866200B0CFED /* TaskViewModel.swift */,
			);
			path = View;
			sourceTree = "<group>";
		};
		0767522D25DD1D5800B0CFED /* DataManager */ = {
			isa = PBXGroup;
			children = (
				0767523225DD1E1100B0CFED /* TaskViewDataManager.swift */,
				0767523425DD1E2B00B0CFED /* TaskViewDataManagerProtocol.swift */,
			);
			path = DataManager;
			sourceTree = "<group>";
		};
		0767522E25DD1D5F00B0CFED /* Presenter */ = {
			isa = PBXGroup;
			children = (
				0767523B25DD204500B0CFED /* TaskViewPresenter.swift */,
				0767523D25DD205000B0CFED /* TaskViewPresenterProtcol.swift */,
			);
			path = Presenter;
			sourceTree = "<group>";
		};
		0767522F25DD1D7000B0CFED /* Builder */ = {
			isa = PBXGroup;
			children = (
				0767523F25DD20C900B0CFED /* TaskViewBuilder.swift */,
			);
			path = Builder;
			sourceTree = "<group>";
		};
		0767523825DD1EA500B0CFED /* TaskApi */ = {
			isa = PBXGroup;
			children = (
				0767523925DD1EB500B0CFED /* TaskAPi.swift */,
			);
			path = TaskApi;
			sourceTree = "<group>";
		};
		0767524325DD2EB600B0CFED /* Interactor */ = {
			isa = PBXGroup;
			children = (
				0767524425DD2EC400B0CFED /* TaskViewInteractor.swift */,
				0767524625DD2EE300B0CFED /* TaskViewInteractorProtocol.swift */,
			);
			path = Interactor;
			sourceTree = "<group>";
		};
		07F202D225DA693F000E1AA1 = {
			isa = PBXGroup;
			children = (
				07F202DD25DA693F000E1AA1 /* UserTasksUIKit */,
				07F202DC25DA693F000E1AA1 /* Products */,
			);
			sourceTree = "<group>";
		};
		07F202DC25DA693F000E1AA1 /* Products */ = {
			isa = PBXGroup;
			children = (
				07F202DB25DA693F000E1AA1 /* UserTasksUIKit.app */,
			);
			name = Products;
			sourceTree = "<group>";
		};
		07F202DD25DA693F000E1AA1 /* UserTasksUIKit */ = {
			isa = PBXGroup;
			children = (
				07F202F925DA7205000E1AA1 /* Modules */,
				07F202F825DA71FE000E1AA1 /* Common */,
				07F202F725DA71BF000E1AA1 /* Factory */,
				07F202F525DA704D000E1AA1 /* Api */,
				07F202F225DA7036000E1AA1 /* Coordinators */,
				07F202DE25DA693F000E1AA1 /* AppDelegate.swift */,
				07F202E025DA693F000E1AA1 /* SceneDelegate.swift */,
				07F202E225DA693F000E1AA1 /* ViewController.swift */,
				07F202E725DA6941000E1AA1 /* Assets.xcassets */,
				07F202E925DA6941000E1AA1 /* LaunchScreen.storyboard */,
				07F202EC25DA6941000E1AA1 /* Info.plist */,
			);
			path = UserTasksUIKit;
			sourceTree = "<group>";
		};
		07F202F225DA7036000E1AA1 /* Coordinators */ = {
			isa = PBXGroup;
			children = (
				07F202FD25DA75F5000E1AA1 /* AppCoordinator.swift */,
			);
			path = Coordinators;
			sourceTree = "<group>";
		};
		07F202F525DA704D000E1AA1 /* Api */ = {
			isa = PBXGroup;
			children = (
				07F2031125DA85C1000E1AA1 /* ApiService */,
				07F202F625DA7053000E1AA1 /* Entitis */,
			);
			path = Api;
			sourceTree = "<group>";
		};
		07F202F625DA7053000E1AA1 /* Entitis */ = {
			isa = PBXGroup;
			children = (
				07F2030F25DA859B000E1AA1 /* User.swift */,
				0767524125DD224500B0CFED /* Todo.swift */,
			);
			path = Entitis;
			sourceTree = "<group>";
		};
		07F202F725DA71BF000E1AA1 /* Factory */ = {
			isa = PBXGroup;
			children = (
			);
			path = Factory;
			sourceTree = "<group>";
		};
		07F202F825DA71FE000E1AA1 /* Common */ = {
			isa = PBXGroup;
			children = (
				07F202FA25DA75A5000E1AA1 /* Coordinator.swift */,
				07F202FF25DA79C4000E1AA1 /* Builder.swift */,
			);
			path = Common;
			sourceTree = "<group>";
		};
		07F202F925DA7205000E1AA1 /* Modules */ = {
			isa = PBXGroup;
			children = (
				0767522A25DD1D3500B0CFED /* Task */,
				07F2030125DA79EE000E1AA1 /* Login */,
			);
			path = Modules;
			sourceTree = "<group>";
		};
		07F2030125DA79EE000E1AA1 /* Login */ = {
			isa = PBXGroup;
			children = (
				07F2032725DA8F82000E1AA1 /* DataManager */,
				07F2030425DA7A25000E1AA1 /* View */,
				07F2030325DA7A1F000E1AA1 /* Presenter */,
				07F2030225DA7A19000E1AA1 /* Builder */,
			);
			path = Login;
			sourceTree = "<group>";
		};
		07F2030225DA7A19000E1AA1 /* Builder */ = {
			isa = PBXGroup;
			children = (
				07F2030925DA7A71000E1AA1 /* LoginViewControllerBuilder.swift */,
			);
			path = Builder;
			sourceTree = "<group>";
		};
		07F2030325DA7A1F000E1AA1 /* Presenter */ = {
			isa = PBXGroup;
			children = (
				07F2030725DA7A66000E1AA1 /* LoginViewControllerPresenter.swift */,
				07F2030B25DA7AA9000E1AA1 /* LoginViewControllerPresenterProtocol.swift */,
			);
			path = Presenter;
			sourceTree = "<group>";
		};
		07F2030425DA7A25000E1AA1 /* View */ = {
			isa = PBXGroup;
			children = (
				07F2030525DA7A4A000E1AA1 /* LoginViewController.swift */,
				07F2030D25DA7AC6000E1AA1 /* LoginViewControllerModel.swift */,
				07F2032C25DA9BFE000E1AA1 /* LoginViewPortocol.swift */,
				0767522825DBE21C00B0CFED /* LoginViewOutPut.swift */,
			);
			path = View;
			sourceTree = "<group>";
		};
		07F2031125DA85C1000E1AA1 /* ApiService */ = {
			isa = PBXGroup;
			children = (
				0767523825DD1EA500B0CFED /* TaskApi */,
				07F2032225DA8DBE000E1AA1 /* UserApi */,
				07F2031C25DA8A55000E1AA1 /* URLSession+get.swift */,
				07F2031E25DA8A83000E1AA1 /* RequestBuilder.swift */,
				07F2032A25DA980D000E1AA1 /* ApiErros.swift */,
			);
			path = ApiService;
			sourceTree = "<group>";
		};
		07F2032225DA8DBE000E1AA1 /* UserApi */ = {
			isa = PBXGroup;
			children = (
				07F2032025DA8D39000E1AA1 /* UserApi.swift */,
			);
			path = UserApi;
			sourceTree = "<group>";
		};
		07F2032725DA8F82000E1AA1 /* DataManager */ = {
			isa = PBXGroup;
			children = (
				07F2032525DA8F25000E1AA1 /* LoginDataManagerProtocol.swift */,
				07F2032825DA8FAE000E1AA1 /* LoginDataManager.swift */,
			);
			path = DataManager;
			sourceTree = "<group>";
		};
/* End PBXGroup section */

/* Begin PBXNativeTarget section */
		07F202DA25DA693F000E1AA1 /* UserTasksUIKit */ = {
			isa = PBXNativeTarget;
			buildConfigurationList = 07F202EF25DA6941000E1AA1 /* Build configuration list for PBXNativeTarget "UserTasksUIKit" */;
			buildPhases = (
				07F202D725DA693F000E1AA1 /* Sources */,
				07F202D825DA693F000E1AA1 /* Frameworks */,
				07F202D925DA693F000E1AA1 /* Resources */,
			);
			buildRules = (
			);
			dependencies = (
			);
			name = UserTasksUIKit;
			productName = UserTasksUIKit;
			productReference = 07F202DB25DA693F000E1AA1 /* UserTasksUIKit.app */;
			productType = "com.apple.product-type.application";
		};
/* End PBXNativeTarget section */

/* Begin PBXProject section */
		07F202D325DA693F000E1AA1 /* Project object */ = {
			isa = PBXProject;
			attributes = {
				LastSwiftUpdateCheck = 1110;
				LastUpgradeCheck = 1110;
				ORGANIZATIONNAME = "Apostol, Alexandru";
				TargetAttributes = {
					07F202DA25DA693F000E1AA1 = {
						CreatedOnToolsVersion = 11.1;
					};
				};
			};
			buildConfigurationList = 07F202D625DA693F000E1AA1 /* Build configuration list for PBXProject "UserTasksUIKit" */;
			compatibilityVersion = "Xcode 9.3";
			developmentRegion = en;
			hasScannedForEncodings = 0;
			knownRegions = (
				en,
				Base,
			);
			mainGroup = 07F202D225DA693F000E1AA1;
			productRefGroup = 07F202DC25DA693F000E1AA1 /* Products */;
			projectDirPath = "";
			projectRoot = "";
			targets = (
				07F202DA25DA693F000E1AA1 /* UserTasksUIKit */,
			);
		};
/* End PBXProject section */

/* Begin PBXResourcesBuildPhase section */
		07F202D925DA693F000E1AA1 /* Resources */ = {
			isa = PBXResourcesBuildPhase;
			buildActionMask = 2147483647;
			files = (
				07F202EB25DA6941000E1AA1 /* LaunchScreen.storyboard in Resources */,
				07F202E825DA6941000E1AA1 /* Assets.xcassets in Resources */,
			);
			runOnlyForDeploymentPostprocessing = 0;
		};
/* End PBXResourcesBuildPhase section */

/* Begin PBXSourcesBuildPhase section */
		07F202D725DA693F000E1AA1 /* Sources */ = {
			isa = PBXSourcesBuildPhase;
			buildActionMask = 2147483647;
			files = (
				0767524225DD224500B0CFED /* Todo.swift in Sources */,
				07F2030625DA7A4A000E1AA1 /* LoginViewController.swift in Sources */,
				0767524025DD20C900B0CFED /* TaskViewBuilder.swift in Sources */,
				0767524725DD2EE300B0CFED /* TaskViewInteractorProtocol.swift in Sources */,
				07F2032925DA8FAE000E1AA1 /* LoginDataManager.swift in Sources */,
				0767523525DD1E2B00B0CFED /* TaskViewDataManagerProtocol.swift in Sources */,
				07F202FB25DA75A5000E1AA1 /* Coordinator.swift in Sources */,
				0767524525DD2EC400B0CFED /* TaskViewInteractor.swift in Sources */,
				0767523E25DD205000B0CFED /* TaskViewPresenterProtcol.swift in Sources */,
				07F2030825DA7A66000E1AA1 /* LoginViewControllerPresenter.swift in Sources */,
				07F2032D25DA9BFE000E1AA1 /* LoginViewPortocol.swift in Sources */,
				07F202E325DA693F000E1AA1 /* ViewController.swift in Sources */,
				0767524925DD356100B0CFED /* TaskViewControllerProtocol.swift in Sources */,
				07F2030E25DA7AC6000E1AA1 /* LoginViewControllerModel.swift in Sources */,
				07F2030A25DA7A71000E1AA1 /* LoginViewControllerBuilder.swift in Sources */,
				0767523A25DD1EB500B0CFED /* TaskAPi.swift in Sources */,
				0767523125DD1DC500B0CFED /* TaskViewController.swift in Sources */,
				0767524E25DE829600B0CFED /* TaskSection.swift in Sources */,
				07F2032125DA8D39000E1AA1 /* UserApi.swift in Sources */,
				0767522925DBE21C00B0CFED /* LoginViewOutPut.swift in Sources */,
				0767523325DD1E1100B0CFED /* TaskViewDataManager.swift in Sources */,
				07F202FE25DA75F5000E1AA1 /* AppCoordinator.swift in Sources */,
				0767525225DE866200B0CFED /* TaskViewModel.swift in Sources */,
				07F2031F25DA8A83000E1AA1 /* RequestBuilder.swift in Sources */,
				07F2032625DA8F25000E1AA1 /* LoginDataManagerProtocol.swift in Sources */,
				07F202DF25DA693F000E1AA1 /* AppDelegate.swift in Sources */,
				07F2032B25DA980D000E1AA1 /* ApiErros.swift in Sources */,
				07F2031025DA859B000E1AA1 /* User.swift in Sources */,
				07F2030C25DA7AA9000E1AA1 /* LoginViewControllerPresenterProtocol.swift in Sources */,
				0767523C25DD204500B0CFED /* TaskViewPresenter.swift in Sources */,
				07F2031D25DA8A55000E1AA1 /* URLSession+get.swift in Sources */,
				07F202E125DA693F000E1AA1 /* SceneDelegate.swift in Sources */,
				07F2030025DA79C4000E1AA1 /* Builder.swift in Sources */,
			);
			runOnlyForDeploymentPostprocessing = 0;
		};
/* End PBXSourcesBuildPhase section */

/* Begin PBXVariantGroup section */
		07F202E925DA6941000E1AA1 /* LaunchScreen.storyboard */ = {
			isa = PBXVariantGroup;
			children = (
				07F202EA25DA6941000E1AA1 /* Base */,
			);
			name = LaunchScreen.storyboard;
			sourceTree = "<group>";
		};
/* End PBXVariantGroup section */

/* Begin XCBuildConfiguration section */
		07F202ED25DA6941000E1AA1 /* Debug */ = {
			isa = XCBuildConfiguration;
			buildSettings = {
				ALWAYS_SEARCH_USER_PATHS = NO;
				CLANG_ANALYZER_NONNULL = YES;
				CLANG_ANALYZER_NUMBER_OBJECT_CONVERSION = YES_AGGRESSIVE;
				CLANG_CXX_LANGUAGE_STANDARD = "gnu++14";
				CLANG_CXX_LIBRARY = "libc++";
				CLANG_ENABLE_MODULES = YES;
				CLANG_ENABLE_OBJC_ARC = YES;
				CLANG_ENABLE_OBJC_WEAK = YES;
				CLANG_WARN_BLOCK_CAPTURE_AUTORELEASING = YES;
				CLANG_WARN_BOOL_CONVERSION = YES;
				CLANG_WARN_COMMA = YES;
				CLANG_WARN_CONSTANT_CONVERSION = YES;
				CLANG_WARN_DEPRECATED_OBJC_IMPLEMENTATIONS = YES;
				CLANG_WARN_DIRECT_OBJC_ISA_USAGE = YES_ERROR;
				CLANG_WARN_DOCUMENTATION_COMMENTS = YES;
				CLANG_WARN_EMPTY_BODY = YES;
				CLANG_WARN_ENUM_CONVERSION = YES;
				CLANG_WARN_INFINITE_RECURSION = YES;
				CLANG_WARN_INT_CONVERSION = YES;
				CLANG_WARN_NON_LITERAL_NULL_CONVERSION = YES;
				CLANG_WARN_OBJC_IMPLICIT_RETAIN_SELF = YES;
				CLANG_WARN_OBJC_LITERAL_CONVERSION = YES;
				CLANG_WARN_OBJC_ROOT_CLASS = YES_ERROR;
				CLANG_WARN_RANGE_LOOP_ANALYSIS = YES;
				CLANG_WARN_STRICT_PROTOTYPES = YES;
				CLANG_WARN_SUSPICIOUS_MOVE = YES;
				CLANG_WARN_UNGUARDED_AVAILABILITY = YES_AGGRESSIVE;
				CLANG_WARN_UNREACHABLE_CODE = YES;
				CLANG_WARN__DUPLICATE_METHOD_MATCH = YES;
				COPY_PHASE_STRIP = NO;
				DEBUG_INFORMATION_FORMAT = dwarf;
				ENABLE_STRICT_OBJC_MSGSEND = YES;
				ENABLE_TESTABILITY = YES;
				GCC_C_LANGUAGE_STANDARD = gnu11;
				GCC_DYNAMIC_NO_PIC = NO;
				GCC_NO_COMMON_BLOCKS = YES;
				GCC_OPTIMIZATION_LEVEL = 0;
				GCC_PREPROCESSOR_DEFINITIONS = (
					"DEBUG=1",
					"$(inherited)",
				);
				GCC_WARN_64_TO_32_BIT_CONVERSION = YES;
				GCC_WARN_ABOUT_RETURN_TYPE = YES_ERROR;
				GCC_WARN_UNDECLARED_SELECTOR = YES;
				GCC_WARN_UNINITIALIZED_AUTOS = YES_AGGRESSIVE;
				GCC_WARN_UNUSED_FUNCTION = YES;
				GCC_WARN_UNUSED_VARIABLE = YES;
				IPHONEOS_DEPLOYMENT_TARGET = 13.1;
				MTL_ENABLE_DEBUG_INFO = INCLUDE_SOURCE;
				MTL_FAST_MATH = YES;
				ONLY_ACTIVE_ARCH = YES;
				SDKROOT = iphoneos;
				SWIFT_ACTIVE_COMPILATION_CONDITIONS = DEBUG;
				SWIFT_OPTIMIZATION_LEVEL = "-Onone";
			};
			name = Debug;
		};
		07F202EE25DA6941000E1AA1 /* Release */ = {
			isa = XCBuildConfiguration;
			buildSettings = {
				ALWAYS_SEARCH_USER_PATHS = NO;
				CLANG_ANALYZER_NONNULL = YES;
				CLANG_ANALYZER_NUMBER_OBJECT_CONVERSION = YES_AGGRESSIVE;
				CLANG_CXX_LANGUAGE_STANDARD = "gnu++14";
				CLANG_CXX_LIBRARY = "libc++";
				CLANG_ENABLE_MODULES = YES;
				CLANG_ENABLE_OBJC_ARC = YES;
				CLANG_ENABLE_OBJC_WEAK = YES;
				CLANG_WARN_BLOCK_CAPTURE_AUTORELEASING = YES;
				CLANG_WARN_BOOL_CONVERSION = YES;
				CLANG_WARN_COMMA = YES;
				CLANG_WARN_CONSTANT_CONVERSION = YES;
				CLANG_WARN_DEPRECATED_OBJC_IMPLEMENTATIONS = YES;
				CLANG_WARN_DIRECT_OBJC_ISA_USAGE = YES_ERROR;
				CLANG_WARN_DOCUMENTATION_COMMENTS = YES;
				CLANG_WARN_EMPTY_BODY = YES;
				CLANG_WARN_ENUM_CONVERSION = YES;
				CLANG_WARN_INFINITE_RECURSION = YES;
				CLANG_WARN_INT_CONVERSION = YES;
				CLANG_WARN_NON_LITERAL_NULL_CONVERSION = YES;
				CLANG_WARN_OBJC_IMPLICIT_RETAIN_SELF = YES;
				CLANG_WARN_OBJC_LITERAL_CONVERSION = YES;
				CLANG_WARN_OBJC_ROOT_CLASS = YES_ERROR;
				CLANG_WARN_RANGE_LOOP_ANALYSIS = YES;
				CLANG_WARN_STRICT_PROTOTYPES = YES;
				CLANG_WARN_SUSPICIOUS_MOVE = YES;
				CLANG_WARN_UNGUARDED_AVAILABILITY = YES_AGGRESSIVE;
				CLANG_WARN_UNREACHABLE_CODE = YES;
				CLANG_WARN__DUPLICATE_METHOD_MATCH = YES;
				COPY_PHASE_STRIP = NO;
				DEBUG_INFORMATION_FORMAT = "dwarf-with-dsym";
				ENABLE_NS_ASSERTIONS = NO;
				ENABLE_STRICT_OBJC_MSGSEND = YES;
				GCC_C_LANGUAGE_STANDARD = gnu11;
				GCC_NO_COMMON_BLOCKS = YES;
				GCC_WARN_64_TO_32_BIT_CONVERSION = YES;
				GCC_WARN_ABOUT_RETURN_TYPE = YES_ERROR;
				GCC_WARN_UNDECLARED_SELECTOR = YES;
				GCC_WARN_UNINITIALIZED_AUTOS = YES_AGGRESSIVE;
				GCC_WARN_UNUSED_FUNCTION = YES;
				GCC_WARN_UNUSED_VARIABLE = YES;
				IPHONEOS_DEPLOYMENT_TARGET = 13.1;
				MTL_ENABLE_DEBUG_INFO = NO;
				MTL_FAST_MATH = YES;
				SDKROOT = iphoneos;
				SWIFT_COMPILATION_MODE = wholemodule;
				SWIFT_OPTIMIZATION_LEVEL = "-O";
				VALIDATE_PRODUCT = YES;
			};
			name = Release;
		};
		07F202F025DA6941000E1AA1 /* Debug */ = {
			isa = XCBuildConfiguration;
			buildSettings = {
				ASSETCATALOG_COMPILER_APPICON_NAME = AppIcon;
				CODE_SIGN_STYLE = Automatic;
				DEVELOPMENT_TEAM = 9RC6G9L332;
				INFOPLIST_FILE = UserTasksUIKit/Info.plist;
				LD_RUNPATH_SEARCH_PATHS = (
					"$(inherited)",
					"@executable_path/Frameworks",
				);
				PRODUCT_BUNDLE_IDENTIFIER = edu.gft.UserTasksUIKit;
				PRODUCT_NAME = "$(TARGET_NAME)";
				SWIFT_VERSION = 5.0;
				TARGETED_DEVICE_FAMILY = "1,2";
			};
			name = Debug;
		};
		07F202F125DA6941000E1AA1 /* Release */ = {
			isa = XCBuildConfiguration;
			buildSettings = {
				ASSETCATALOG_COMPILER_APPICON_NAME = AppIcon;
				CODE_SIGN_STYLE = Automatic;
				DEVELOPMENT_TEAM = 9RC6G9L332;
				INFOPLIST_FILE = UserTasksUIKit/Info.plist;
				LD_RUNPATH_SEARCH_PATHS = (
					"$(inherited)",
					"@executable_path/Frameworks",
				);
				PRODUCT_BUNDLE_IDENTIFIER = edu.gft.UserTasksUIKit;
				PRODUCT_NAME = "$(TARGET_NAME)";
				SWIFT_VERSION = 5.0;
				TARGETED_DEVICE_FAMILY = "1,2";
			};
			name = Release;
		};
/* End XCBuildConfiguration section */

/* Begin XCConfigurationList section */
		07F202D625DA693F000E1AA1 /* Build configuration list for PBXProject "UserTasksUIKit" */ = {
			isa = XCConfigurationList;
			buildConfigurations = (
				07F202ED25DA6941000E1AA1 /* Debug */,
				07F202EE25DA6941000E1AA1 /* Release */,
			);
			defaultConfigurationIsVisible = 0;
			defaultConfigurationName = Release;
		};
		07F202EF25DA6941000E1AA1 /* Build configuration list for PBXNativeTarget "UserTasksUIKit" */ = {
			isa = XCConfigurationList;
			buildConfigurations = (
				07F202F025DA6941000E1AA1 /* Debug */,
				07F202F125DA6941000E1AA1 /* Release */,
			);
			defaultConfigurationIsVisible = 0;
			defaultConfigurationName = Release;
		};
/* End XCConfigurationList section */
	};
	rootObject = 07F202D325DA693F000E1AA1 /* Project object */;
}
